
Microsoft Visual Studio Solution File, Format Version 12.00
# Visual Studio Version 17
VisualStudioVersion = 17.0.31903.59
MinimumVisualStudioVersion = 10.0.40219.1
Project("{2150E333-8FDC-42A3-9474-1A3956D46DE8}") = "src", "src", "{647AA68E-B191-43C2-A8E1-C651B3194B77}"
EndProject
Project("{FAE04EC0-301F-11D3-BF4B-00C04F79EFBC}") = "ExchangeRates.Web", "src\ExchangeRates.Web\ExchangeRates.Web.csproj", "{5F78760B-F2F1-4A8E-A18B-F286A220E5F5}"
EndProject
Project("{2150E333-8FDC-42A3-9474-1A3956D46DE8}") = "test", "test", "{1B85918E-23A1-4D8A-99D4-F53300D94B43}"
EndProject
Project("{FAE04EC0-301F-11D3-BF4B-00C04F79EFBC}") = "ExchangeRates.Web.Tests", "test\ExchangeRates.Web.Tests\ExchangeRates.Web.Tests.csproj", "{7AA0E97F-989F-4F31-9E3B-5901C19A06EF}"
EndProject
Global
	GlobalSection(SolutionConfigurationPlatforms) = preSolution
		Debug|Any CPU = Debug|Any CPU
		Release|Any CPU = Release|Any CPU
	EndGlobalSection
	GlobalSection(SolutionProperties) = preSolution
		HideSolutionNode = FALSE
	EndGlobalSection
	GlobalSection(ProjectConfigurationPlatforms) = postSolution
		{5F78760B-F2F1-4A8E-A18B-F286A220E5F5}.Debug|Any CPU.ActiveCfg = Debug|Any CPU
		{5F78760B-F2F1-4A8E-A18B-F286A220E5F5}.Debug|Any CPU.Build.0 = Debug|Any CPU
		{5F78760B-F2F1-4A8E-A18B-F286A220E5F5}.Release|Any CPU.ActiveCfg = Release|Any CPU
		{5F78760B-F2F1-4A8E-A18B-F286A220E5F5}.Release|Any CPU.Build.0 = Release|Any CPU
		{7AA0E97F-989F-4F31-9E3B-5901C19A06EF}.Debug|Any CPU.ActiveCfg = Debug|Any CPU
		{7AA0E97F-989F-4F31-9E3B-5901C19A06EF}.Debug|Any CPU.Build.0 = Debug|Any CPU
		{7AA0E97F-989F-4F31-9E3B-5901C19A06EF}.Release|Any CPU.ActiveCfg = Release|Any CPU
		{7AA0E97F-989F-4F31-9E3B-5901C19A06EF}.Release|Any CPU.Build.0 = Release|Any CPU
	EndGlobalSection
	GlobalSection(NestedProjects) = preSolution
		{5F78760B-F2F1-4A8E-A18B-F286A220E5F5} = {647AA68E-B191-43C2-A8E1-C651B3194B77}
		{7AA0E97F-989F-4F31-9E3B-5901C19A06EF} = {1B85918E-23A1-4D8A-99D4-F53300D94B43}
	EndGlobalSection
EndGlobal
