
Microsoft Visual Studio Solution File, Format Version 12.00
# Visual Studio Version 17
VisualStudioVersion = 17.3.32519.111
MinimumVisualStudioVersion = 10.0.40219.1
Project("{FAE04EC0-301F-11D3-BF4B-00C04F79EFBC}") = "ExceptionHandlerMidleware", "ExceptionHandlerMidleware\ExceptionHandlerMidleware.csproj", "{7BAD4EF1-30E6-482C-B5F3-6C802D32F502}"
EndProject
Global
	GlobalSection(SolutionConfigurationPlatforms) = preSolution
		Debug|Any CPU = Debug|Any CPU
		Release|Any CPU = Release|Any CPU
	EndGlobalSection
	GlobalSection(ProjectConfigurationPlatforms) = postSolution
		{7BAD4EF1-30E6-482C-B5F3-6C802D32F502}.Debug|Any CPU.ActiveCfg = Debug|Any CPU
		{7BAD4EF1-30E6-482C-B5F3-6C802D32F502}.Debug|Any CPU.Build.0 = Debug|Any CPU
		{7BAD4EF1-30E6-482C-B5F3-6C802D32F502}.Release|Any CPU.ActiveCfg = Release|Any CPU
		{7BAD4EF1-30E6-482C-B5F3-6C802D32F502}.Release|Any CPU.Build.0 = Release|Any CPU
	EndGlobalSection
	GlobalSection(SolutionProperties) = preSolution
		HideSolutionNode = FALSE
	EndGlobalSection
	GlobalSection(ExtensibilityGlobals) = postSolution
		SolutionGuid = {1F4ECC4E-24D5-4EC0-B941-E103EAA9DCEC}
	EndGlobalSection
EndGlobal
