
Microsoft Visual Studio Solution File, Format Version 12.00
# Visual Studio Version 17
VisualStudioVersion = 17.4.32804.182
MinimumVisualStudioVersion = 10.0.40219.1
Project("{FAE04EC0-301F-11D3-BF4B-00C04F79EFBC}") = "PartialViews", "PartialViews\PartialViews.csproj", "{2D4D1C82-3C68-4208-83FC-8A3CBDE0126C}"
EndProject
Global
	GlobalSection(SolutionConfigurationPlatforms) = preSolution
		Debug|Any CPU = Debug|Any CPU
		Release|Any CPU = Release|Any CPU
	EndGlobalSection
	GlobalSection(ProjectConfigurationPlatforms) = postSolution
		{2D4D1C82-3C68-4208-83FC-8A3CBDE0126C}.Debug|Any CPU.ActiveCfg = Debug|Any CPU
		{2D4D1C82-3C68-4208-83FC-8A3CBDE0126C}.Debug|Any CPU.Build.0 = Debug|Any CPU
		{2D4D1C82-3C68-4208-83FC-8A3CBDE0126C}.Release|Any CPU.ActiveCfg = Release|Any CPU
		{2D4D1C82-3C68-4208-83FC-8A3CBDE0126C}.Release|Any CPU.Build.0 = Release|Any CPU
	EndGlobalSection
	GlobalSection(SolutionProperties) = preSolution
		HideSolutionNode = FALSE
	EndGlobalSection
	GlobalSection(ExtensibilityGlobals) = postSolution
		SolutionGuid = {76C69650-A3E6-43CC-B9BC-5D51C72972E2}
	EndGlobalSection
EndGlobal
