
Microsoft Visual Studio Solution File, Format Version 12.00
# Visual Studio Version 16
VisualStudioVersion = 16.0.30114.105
MinimumVisualStudioVersion = 10.0.40219.1
Project("{2150E333-8FDC-42A3-9474-1A3956D46DE8}") = "Chapter 03", "Chapter 03", "{C609EAD3-F8E7-47D2-95E6-170A1E2CBC2B}"
EndProject
Project("{2150E333-8FDC-42A3-9474-1A3956D46DE8}") = "A_WebApplication1", "A_WebApplication1", "{42BF6C0B-7F32-45FC-98EA-CAC61253BD14}"
EndProject
Project("{FAE04EC0-301F-11D3-BF4B-00C04F79EFBC}") = "WebApplication1", "Chapter 03\A_WebApplication1\WebApplication1\WebApplication1.csproj", "{0EE8E866-5952-45B6-95CA-67CBC633F1E1}"
EndProject
Project("{2150E333-8FDC-42A3-9474-1A3956D46DE8}") = "B_WebApplication1Extended", "B_WebApplication1Extended", "{8507F97B-4D0B-4D0C-9C44-98E28F180BB6}"
EndProject
Project("{FAE04EC0-301F-11D3-BF4B-00C04F79EFBC}") = "WebApplication1Extended", "Chapter 03\B_WebApplication1Extended\WebApplication1Extended\WebApplication1Extended.csproj", "{4D771C87-A8EB-4860-990B-BE83E6C1E619}"
EndProject
Project("{2150E333-8FDC-42A3-9474-1A3956D46DE8}") = "Chapter 04", "Chapter 04", "{4A95589E-B32A-426C-82C8-DD59545EFF70}"
EndProject
Project("{2150E333-8FDC-42A3-9474-1A3956D46DE8}") = "A_CreatingAHoldingPage", "A_CreatingAHoldingPage", "{552A51A4-5680-4E3D-9E45-AEEF6773B067}"
EndProject
Project("{FAE04EC0-301F-11D3-BF4B-00C04F79EFBC}") = "CreatingAHoldingPage", "Chapter 04\A_CreatingAHoldingPage\CreatingAHoldingPage\CreatingAHoldingPage.csproj", "{B6B5BEC9-0DB3-4CCD-963E-1A92538F826F}"
EndProject
Project("{2150E333-8FDC-42A3-9474-1A3956D46DE8}") = "B_CreatingAStaticFileWebsite", "B_CreatingAStaticFileWebsite", "{34239BA2-2E7D-41D6-BA2B-0BB33667FF85}"
EndProject
Project("{FAE04EC0-301F-11D3-BF4B-00C04F79EFBC}") = "CreatingAStaticFileWebsite", "Chapter 04\B_CreatingAStaticFileWebsite\CreatingAStaticFileWebsite\CreatingAStaticFileWebsite.csproj", "{A4196320-E6FA-4123-9336-4EC9A191C65E}"
EndProject
Project("{2150E333-8FDC-42A3-9474-1A3956D46DE8}") = "C_SimpleMinimalApisApplication", "C_SimpleMinimalApisApplication", "{6299EE1A-E480-40B5-A21D-62E2ABE704EC}"
EndProject
Project("{FAE04EC0-301F-11D3-BF4B-00C04F79EFBC}") = "SimpleMinimalApisApplication", "Chapter 04\C_SimpleMinimalApisApplication\SimpleMinimalApisApplication\SimpleMinimalApisApplication.csproj", "{0F177334-A922-45E5-BA1C-00211160C80E}"
EndProject
Project("{2150E333-8FDC-42A3-9474-1A3956D46DE8}") = "D_SimpleMinimalApisApplicationAndHoldingPage", "D_SimpleMinimalApisApplicationAndHoldingPage", "{64208B52-8C8B-40A4-82D1-DA3BBCD91D09}"
EndProject
Project("{FAE04EC0-301F-11D3-BF4B-00C04F79EFBC}") = "SimpleMinimalApisApplicationAndHoldingPage", "Chapter 04\D_SimpleMinimalApisApplicationAndHoldingPage\SimpleMinimalApisApplicationAndHoldingPage\SimpleMinimalApisApplicationAndHoldingPage.csproj", "{C0389DE8-1B80-490F-BB5D-ACFF48DD3567}"
EndProject
Project("{2150E333-8FDC-42A3-9474-1A3956D46DE8}") = "E_DeveloperExceptionPage", "E_DeveloperExceptionPage", "{52DCDA79-5C3C-449B-A92E-2DF75C3A9152}"
EndProject
Project("{FAE04EC0-301F-11D3-BF4B-00C04F79EFBC}") = "DeveloperExceptionPage", "Chapter 04\E_DeveloperExceptionPage\DeveloperExceptionPage\DeveloperExceptionPage.csproj", "{925A71B2-8253-41AA-BFFF-8D6F21EDB4A7}"
EndProject
Project("{2150E333-8FDC-42A3-9474-1A3956D46DE8}") = "F_ExceptionHandlerMidleware", "F_ExceptionHandlerMidleware", "{678BBDA7-808E-4AC2-B1B9-E1411653FDC1}"
EndProject
Project("{FAE04EC0-301F-11D3-BF4B-00C04F79EFBC}") = "ExceptionHandlerMidleware", "Chapter 04\F_ExceptionHandlerMidleware\ExceptionHandlerMidleware\ExceptionHandlerMidleware.csproj", "{7019BD2C-51FE-43FE-9ED7-2A6FD8209F7D}"
EndProject
Project("{2150E333-8FDC-42A3-9474-1A3956D46DE8}") = "Chapter 05", "Chapter 05", "{A3EF824A-1121-4F17-A6D8-C27CBF4C785B}"
EndProject
Project("{2150E333-8FDC-42A3-9474-1A3956D46DE8}") = "A_BlazorWebAssemblyProject", "A_BlazorWebAssemblyProject", "{B6E4DF21-3F52-4B72-B648-F659CDEA9449}"
EndProject
Project("{FAE04EC0-301F-11D3-BF4B-00C04F79EFBC}") = "BlazorWebAssemblyProject", "Chapter 05\A_BlazorWebAssemblyProject\BlazorWebAssemblyProject\BlazorWebAssemblyProject.csproj", "{F3B99F65-54BF-4797-B777-466EAD98A216}"
EndProject
Project("{2150E333-8FDC-42A3-9474-1A3956D46DE8}") = "B_BasicRoutingMinimalApi", "B_BasicRoutingMinimalApi", "{46719714-8C1B-4A00-A12F-D0585BA0C6CD}"
EndProject
Project("{FAE04EC0-301F-11D3-BF4B-00C04F79EFBC}") = "BasicRoutingMinimalApi", "Chapter 05\B_BasicRoutingMinimalApi\BasicRoutingMinimalApi\BasicRoutingMinimalApi.csproj", "{CFD085E6-EDB7-4145-8EE8-36A06A5DE122}"
EndProject
Project("{2150E333-8FDC-42A3-9474-1A3956D46DE8}") = "C_MultipleVerbMinimalApi", "C_MultipleVerbMinimalApi", "{2C1A8F10-1809-48A6-9195-25221A48DDAC}"
EndProject
Project("{FAE04EC0-301F-11D3-BF4B-00C04F79EFBC}") = "MultipleVerbMinimalApi", "Chapter 05\C_MultipleVerbMinimalApi\MultipleVerbMinimalApi\MultipleVerbMinimalApi.csproj", "{9CF1C046-308F-471B-A5AC-E30E797BD549}"
EndProject
Project("{2150E333-8FDC-42A3-9474-1A3956D46DE8}") = "D_MultipleVerbMinimalApiWithStatusCodes", "D_MultipleVerbMinimalApiWithStatusCodes", "{E0EC107F-FB63-4027-A23E-21EDE4986D13}"
EndProject
Project("{FAE04EC0-301F-11D3-BF4B-00C04F79EFBC}") = "MultipleVerbMinimalApiWithStatusCodes", "Chapter 05\D_MultipleVerbMinimalApiWithStatusCodes\MultipleVerbMinimalApiWithStatusCodes\MultipleVerbMinimalApiWithStatusCodes.csproj", "{14B45D24-D915-4049-9DB7-BC87119C60C3}"
EndProject
Project("{2150E333-8FDC-42A3-9474-1A3956D46DE8}") = "E_MultipleVerbMinimalApiWithProblemDetails", "E_MultipleVerbMinimalApiWithProblemDetails", "{E30FBCC6-325A-4019-8618-5147DDDEE74A}"
EndProject
Project("{FAE04EC0-301F-11D3-BF4B-00C04F79EFBC}") = "MultipleVerbMinimalApiWithProblemDetails", "Chapter 05\E_MultipleVerbMinimalApiWithProblemDetails\MultipleVerbMinimalApiWithProblemDetails\MultipleVerbMinimalApiWithProblemDetails.csproj", "{94814E84-B2AA-41F6-84C8-3551418BF594}"
EndProject
Project("{2150E333-8FDC-42A3-9474-1A3956D46DE8}") = "F_MinimalApiFilters", "F_MinimalApiFilters", "{A56A49DB-A800-447E-AC70-86CD48FB7A33}"
EndProject
Project("{FAE04EC0-301F-11D3-BF4B-00C04F79EFBC}") = "MinimalApiFilters", "Chapter 05\F_MinimalApiFilters\MinimalApiFilters\MinimalApiFilters.csproj", "{BC53CDAC-D921-471B-BB60-FDF0E9BF3BB2}"
EndProject
Project("{2150E333-8FDC-42A3-9474-1A3956D46DE8}") = "G_MinimalApiRouteGroups", "G_MinimalApiRouteGroups", "{1E45A5AC-8A08-4B3F-84A9-01D5D563DAF4}"
EndProject
Project("{FAE04EC0-301F-11D3-BF4B-00C04F79EFBC}") = "MinimalApiRouteGroups", "Chapter 05\G_MinimalApiRouteGroups\MinimalApiRouteGroups\MinimalApiRouteGroups.csproj", "{05DE777B-CA16-4DF2-893D-5F7B291427A7}"
EndProject
Project("{2150E333-8FDC-42A3-9474-1A3956D46DE8}") = "Chapter 06", "Chapter 06", "{54B70F19-4787-4121-8DB2-28AFE0D9E13E}"
EndProject
Project("{2150E333-8FDC-42A3-9474-1A3956D46DE8}") = "A_RoutingExample", "A_RoutingExample", "{979BA4FC-8A6E-4005-B3C7-266C23898B19}"
EndProject
Project("{FAE04EC0-301F-11D3-BF4B-00C04F79EFBC}") = "RoutingExample", "Chapter 06\A_RoutingExample\RoutingExample\RoutingExample.csproj", "{B1B71F44-EFB2-4344-A91B-6674F8D55CB4}"
EndProject
Project("{2150E333-8FDC-42A3-9474-1A3956D46DE8}") = "B_OpenApiExample", "B_OpenApiExample", "{0AB7A658-A351-4D6E-BBAE-709A4602570F}"
EndProject
Project("{FAE04EC0-301F-11D3-BF4B-00C04F79EFBC}") = "OpenApiExample", "Chapter 06\B_OpenApiExample\OpenApiExample\OpenApiExample.csproj", "{EC0D48ED-CB74-4E4E-87AC-0F1F5C2808F5}"
EndProject
Project("{2150E333-8FDC-42A3-9474-1A3956D46DE8}") = "Chapter 07", "Chapter 07", "{1D548982-79EF-405A-9A21-1B5567674558}"
EndProject
Project("{2150E333-8FDC-42A3-9474-1A3956D46DE8}") = "A_BasicModelBinding", "A_BasicModelBinding", "{B3C96B3C-EF65-40C9-B241-C0D4C9A37AE7}"
EndProject
Project("{FAE04EC0-301F-11D3-BF4B-00C04F79EFBC}") = "BasicModelBinding", "Chapter 07\A_BasicModelBinding\BasicModelBinding\BasicModelBinding.csproj", "{8B9D8CC4-7582-4C2F-998F-E25F1A549B17}"
EndProject
Project("{2150E333-8FDC-42A3-9474-1A3956D46DE8}") = "B_ValidatingWithDataAnnotations", "B_ValidatingWithDataAnnotations", "{36E04667-C645-449D-8A88-6563D1286160}"
EndProject
Project("{FAE04EC0-301F-11D3-BF4B-00C04F79EFBC}") = "ValidatingWithDataAnnotations", "Chapter 07\B_ValidatingWithDataAnnotations\ValidatingWithDataAnnotations\ValidatingWithDataAnnotations.csproj", "{706C4977-6066-4FCE-BA6F-0E2D96AF1774}"
EndProject
Project("{2150E333-8FDC-42A3-9474-1A3956D46DE8}") = "Chapter 08", "Chapter 08", "{A914DD80-5B77-438D-A51B-CDFD4C2FE1CE}"
EndProject
Project("{2150E333-8FDC-42A3-9474-1A3956D46DE8}") = "A_SendingAnEmailWithoutDI", "A_SendingAnEmailWithoutDI", "{CE0D6F38-F170-44CD-95BA-D94F52905943}"
EndProject
Project("{FAE04EC0-301F-11D3-BF4B-00C04F79EFBC}") = "SendingAnEmailWithoutDI", "Chapter 08\A_SendingAnEmailWithoutDI\SendingAnEmailWithoutDI\SendingAnEmailWithoutDI.csproj", "{FF5FD26B-FA38-4CB3-9BB2-E95BBC255C0C}"
EndProject
Project("{2150E333-8FDC-42A3-9474-1A3956D46DE8}") = "B_SendingAnEmailWithDI", "B_SendingAnEmailWithDI", "{52C75828-F05C-46D3-BA9B-93EC27B714C2}"
EndProject
Project("{FAE04EC0-301F-11D3-BF4B-00C04F79EFBC}") = "SendingAnEmailWithDI", "Chapter 08\B_SendingAnEmailWithDI\SendingAnEmailWithDI\SendingAnEmailWithDI.csproj", "{B160A3A7-C037-42E8-8375-73E674271284}"
EndProject
Project("{2150E333-8FDC-42A3-9474-1A3956D46DE8}") = "Chapter 09", "Chapter 09", "{5573ACE0-8017-460F-B30F-D7F76C683D98}"
EndProject
Project("{2150E333-8FDC-42A3-9474-1A3956D46DE8}") = "A_SendingAnEmailWithDI", "A_SendingAnEmailWithDI", "{5CEA0F90-82BC-4D19-B306-6CD5EB9625FB}"
EndProject
Project("{FAE04EC0-301F-11D3-BF4B-00C04F79EFBC}") = "SendingAnEmailWithDI", "Chapter 09\A_SendingAnEmailWithDI\SendingAnEmailWithDI\SendingAnEmailWithDI.csproj", "{D8857068-393C-406F-AF25-2B204C5048F5}"
EndProject
Project("{2150E333-8FDC-42A3-9474-1A3956D46DE8}") = "B_InjectingMultipleImplementations", "B_InjectingMultipleImplementations", "{8445B513-AC14-4744-92CB-B7540F5DED71}"
EndProject
Project("{FAE04EC0-301F-11D3-BF4B-00C04F79EFBC}") = "InjectingMultipleImplementations", "Chapter 09\B_InjectingMultipleImplementations\InjectingMultipleImplementations\InjectingMultipleImplementations.csproj", "{D6B587DB-DDD5-4686-AC14-EF24D6E81AA9}"
EndProject
Project("{2150E333-8FDC-42A3-9474-1A3956D46DE8}") = "C_LifetimeExamples", "C_LifetimeExamples", "{9BFE3713-5F3F-4FC3-AB00-951FEF8E5726}"
EndProject
Project("{FAE04EC0-301F-11D3-BF4B-00C04F79EFBC}") = "LifetimeExamples", "Chapter 09\C_LifetimeExamples\LifetimeExamples\LifetimeExamples.csproj", "{9A25E255-AD13-4AA1-B219-297F610A352C}"
EndProject
Global
	GlobalSection(SolutionConfigurationPlatforms) = preSolution
		Debug|Any CPU = Debug|Any CPU
		Release|Any CPU = Release|Any CPU
	EndGlobalSection
	GlobalSection(SolutionProperties) = preSolution
		HideSolutionNode = FALSE
	EndGlobalSection
	GlobalSection(ProjectConfigurationPlatforms) = postSolution
		{0EE8E866-5952-45B6-95CA-67CBC633F1E1}.Debug|Any CPU.ActiveCfg = Debug|Any CPU
		{0EE8E866-5952-45B6-95CA-67CBC633F1E1}.Debug|Any CPU.Build.0 = Debug|Any CPU
		{0EE8E866-5952-45B6-95CA-67CBC633F1E1}.Release|Any CPU.ActiveCfg = Release|Any CPU
		{0EE8E866-5952-45B6-95CA-67CBC633F1E1}.Release|Any CPU.Build.0 = Release|Any CPU
		{4D771C87-A8EB-4860-990B-BE83E6C1E619}.Debug|Any CPU.ActiveCfg = Debug|Any CPU
		{4D771C87-A8EB-4860-990B-BE83E6C1E619}.Debug|Any CPU.Build.0 = Debug|Any CPU
		{4D771C87-A8EB-4860-990B-BE83E6C1E619}.Release|Any CPU.ActiveCfg = Release|Any CPU
		{4D771C87-A8EB-4860-990B-BE83E6C1E619}.Release|Any CPU.Build.0 = Release|Any CPU
		{B6B5BEC9-0DB3-4CCD-963E-1A92538F826F}.Debug|Any CPU.ActiveCfg = Debug|Any CPU
		{B6B5BEC9-0DB3-4CCD-963E-1A92538F826F}.Debug|Any CPU.Build.0 = Debug|Any CPU
		{B6B5BEC9-0DB3-4CCD-963E-1A92538F826F}.Release|Any CPU.ActiveCfg = Release|Any CPU
		{B6B5BEC9-0DB3-4CCD-963E-1A92538F826F}.Release|Any CPU.Build.0 = Release|Any CPU
		{A4196320-E6FA-4123-9336-4EC9A191C65E}.Debug|Any CPU.ActiveCfg = Debug|Any CPU
		{A4196320-E6FA-4123-9336-4EC9A191C65E}.Debug|Any CPU.Build.0 = Debug|Any CPU
		{A4196320-E6FA-4123-9336-4EC9A191C65E}.Release|Any CPU.ActiveCfg = Release|Any CPU
		{A4196320-E6FA-4123-9336-4EC9A191C65E}.Release|Any CPU.Build.0 = Release|Any CPU
		{0F177334-A922-45E5-BA1C-00211160C80E}.Debug|Any CPU.ActiveCfg = Debug|Any CPU
		{0F177334-A922-45E5-BA1C-00211160C80E}.Debug|Any CPU.Build.0 = Debug|Any CPU
		{0F177334-A922-45E5-BA1C-00211160C80E}.Release|Any CPU.ActiveCfg = Release|Any CPU
		{0F177334-A922-45E5-BA1C-00211160C80E}.Release|Any CPU.Build.0 = Release|Any CPU
		{C0389DE8-1B80-490F-BB5D-ACFF48DD3567}.Debug|Any CPU.ActiveCfg = Debug|Any CPU
		{C0389DE8-1B80-490F-BB5D-ACFF48DD3567}.Debug|Any CPU.Build.0 = Debug|Any CPU
		{C0389DE8-1B80-490F-BB5D-ACFF48DD3567}.Release|Any CPU.ActiveCfg = Release|Any CPU
		{C0389DE8-1B80-490F-BB5D-ACFF48DD3567}.Release|Any CPU.Build.0 = Release|Any CPU
		{925A71B2-8253-41AA-BFFF-8D6F21EDB4A7}.Debug|Any CPU.ActiveCfg = Debug|Any CPU
		{925A71B2-8253-41AA-BFFF-8D6F21EDB4A7}.Debug|Any CPU.Build.0 = Debug|Any CPU
		{925A71B2-8253-41AA-BFFF-8D6F21EDB4A7}.Release|Any CPU.ActiveCfg = Release|Any CPU
		{925A71B2-8253-41AA-BFFF-8D6F21EDB4A7}.Release|Any CPU.Build.0 = Release|Any CPU
		{7019BD2C-51FE-43FE-9ED7-2A6FD8209F7D}.Debug|Any CPU.ActiveCfg = Debug|Any CPU
		{7019BD2C-51FE-43FE-9ED7-2A6FD8209F7D}.Debug|Any CPU.Build.0 = Debug|Any CPU
		{7019BD2C-51FE-43FE-9ED7-2A6FD8209F7D}.Release|Any CPU.ActiveCfg = Release|Any CPU
		{7019BD2C-51FE-43FE-9ED7-2A6FD8209F7D}.Release|Any CPU.Build.0 = Release|Any CPU
		{F3B99F65-54BF-4797-B777-466EAD98A216}.Debug|Any CPU.ActiveCfg = Debug|Any CPU
		{F3B99F65-54BF-4797-B777-466EAD98A216}.Debug|Any CPU.Build.0 = Debug|Any CPU
		{F3B99F65-54BF-4797-B777-466EAD98A216}.Release|Any CPU.ActiveCfg = Release|Any CPU
		{F3B99F65-54BF-4797-B777-466EAD98A216}.Release|Any CPU.Build.0 = Release|Any CPU
		{CFD085E6-EDB7-4145-8EE8-36A06A5DE122}.Debug|Any CPU.ActiveCfg = Debug|Any CPU
		{CFD085E6-EDB7-4145-8EE8-36A06A5DE122}.Debug|Any CPU.Build.0 = Debug|Any CPU
		{CFD085E6-EDB7-4145-8EE8-36A06A5DE122}.Release|Any CPU.ActiveCfg = Release|Any CPU
		{CFD085E6-EDB7-4145-8EE8-36A06A5DE122}.Release|Any CPU.Build.0 = Release|Any CPU
		{9CF1C046-308F-471B-A5AC-E30E797BD549}.Debug|Any CPU.ActiveCfg = Debug|Any CPU
		{9CF1C046-308F-471B-A5AC-E30E797BD549}.Debug|Any CPU.Build.0 = Debug|Any CPU
		{9CF1C046-308F-471B-A5AC-E30E797BD549}.Release|Any CPU.ActiveCfg = Release|Any CPU
		{9CF1C046-308F-471B-A5AC-E30E797BD549}.Release|Any CPU.Build.0 = Release|Any CPU
		{14B45D24-D915-4049-9DB7-BC87119C60C3}.Debug|Any CPU.ActiveCfg = Debug|Any CPU
		{14B45D24-D915-4049-9DB7-BC87119C60C3}.Debug|Any CPU.Build.0 = Debug|Any CPU
		{14B45D24-D915-4049-9DB7-BC87119C60C3}.Release|Any CPU.ActiveCfg = Release|Any CPU
		{14B45D24-D915-4049-9DB7-BC87119C60C3}.Release|Any CPU.Build.0 = Release|Any CPU
		{94814E84-B2AA-41F6-84C8-3551418BF594}.Debug|Any CPU.ActiveCfg = Debug|Any CPU
		{94814E84-B2AA-41F6-84C8-3551418BF594}.Debug|Any CPU.Build.0 = Debug|Any CPU
		{94814E84-B2AA-41F6-84C8-3551418BF594}.Release|Any CPU.ActiveCfg = Release|Any CPU
		{94814E84-B2AA-41F6-84C8-3551418BF594}.Release|Any CPU.Build.0 = Release|Any CPU
		{BC53CDAC-D921-471B-BB60-FDF0E9BF3BB2}.Debug|Any CPU.ActiveCfg = Debug|Any CPU
		{BC53CDAC-D921-471B-BB60-FDF0E9BF3BB2}.Debug|Any CPU.Build.0 = Debug|Any CPU
		{BC53CDAC-D921-471B-BB60-FDF0E9BF3BB2}.Release|Any CPU.ActiveCfg = Release|Any CPU
		{BC53CDAC-D921-471B-BB60-FDF0E9BF3BB2}.Release|Any CPU.Build.0 = Release|Any CPU
		{05DE777B-CA16-4DF2-893D-5F7B291427A7}.Debug|Any CPU.ActiveCfg = Debug|Any CPU
		{05DE777B-CA16-4DF2-893D-5F7B291427A7}.Debug|Any CPU.Build.0 = Debug|Any CPU
		{05DE777B-CA16-4DF2-893D-5F7B291427A7}.Release|Any CPU.ActiveCfg = Release|Any CPU
		{05DE777B-CA16-4DF2-893D-5F7B291427A7}.Release|Any CPU.Build.0 = Release|Any CPU
		{B1B71F44-EFB2-4344-A91B-6674F8D55CB4}.Debug|Any CPU.ActiveCfg = Debug|Any CPU
		{B1B71F44-EFB2-4344-A91B-6674F8D55CB4}.Debug|Any CPU.Build.0 = Debug|Any CPU
		{B1B71F44-EFB2-4344-A91B-6674F8D55CB4}.Release|Any CPU.ActiveCfg = Release|Any CPU
		{B1B71F44-EFB2-4344-A91B-6674F8D55CB4}.Release|Any CPU.Build.0 = Release|Any CPU
		{EC0D48ED-CB74-4E4E-87AC-0F1F5C2808F5}.Debug|Any CPU.ActiveCfg = Debug|Any CPU
		{EC0D48ED-CB74-4E4E-87AC-0F1F5C2808F5}.Debug|Any CPU.Build.0 = Debug|Any CPU
		{EC0D48ED-CB74-4E4E-87AC-0F1F5C2808F5}.Release|Any CPU.ActiveCfg = Release|Any CPU
		{EC0D48ED-CB74-4E4E-87AC-0F1F5C2808F5}.Release|Any CPU.Build.0 = Release|Any CPU
		{8B9D8CC4-7582-4C2F-998F-E25F1A549B17}.Debug|Any CPU.ActiveCfg = Debug|Any CPU
		{8B9D8CC4-7582-4C2F-998F-E25F1A549B17}.Debug|Any CPU.Build.0 = Debug|Any CPU
		{8B9D8CC4-7582-4C2F-998F-E25F1A549B17}.Release|Any CPU.ActiveCfg = Release|Any CPU
		{8B9D8CC4-7582-4C2F-998F-E25F1A549B17}.Release|Any CPU.Build.0 = Release|Any CPU
		{706C4977-6066-4FCE-BA6F-0E2D96AF1774}.Debug|Any CPU.ActiveCfg = Debug|Any CPU
		{706C4977-6066-4FCE-BA6F-0E2D96AF1774}.Debug|Any CPU.Build.0 = Debug|Any CPU
		{706C4977-6066-4FCE-BA6F-0E2D96AF1774}.Release|Any CPU.ActiveCfg = Release|Any CPU
		{706C4977-6066-4FCE-BA6F-0E2D96AF1774}.Release|Any CPU.Build.0 = Release|Any CPU
		{FF5FD26B-FA38-4CB3-9BB2-E95BBC255C0C}.Debug|Any CPU.ActiveCfg = Debug|Any CPU
		{FF5FD26B-FA38-4CB3-9BB2-E95BBC255C0C}.Debug|Any CPU.Build.0 = Debug|Any CPU
		{FF5FD26B-FA38-4CB3-9BB2-E95BBC255C0C}.Release|Any CPU.ActiveCfg = Release|Any CPU
		{FF5FD26B-FA38-4CB3-9BB2-E95BBC255C0C}.Release|Any CPU.Build.0 = Release|Any CPU
		{B160A3A7-C037-42E8-8375-73E674271284}.Debug|Any CPU.ActiveCfg = Debug|Any CPU
		{B160A3A7-C037-42E8-8375-73E674271284}.Debug|Any CPU.Build.0 = Debug|Any CPU
		{B160A3A7-C037-42E8-8375-73E674271284}.Release|Any CPU.ActiveCfg = Release|Any CPU
		{B160A3A7-C037-42E8-8375-73E674271284}.Release|Any CPU.Build.0 = Release|Any CPU
		{D8857068-393C-406F-AF25-2B204C5048F5}.Debug|Any CPU.ActiveCfg = Debug|Any CPU
		{D8857068-393C-406F-AF25-2B204C5048F5}.Debug|Any CPU.Build.0 = Debug|Any CPU
		{D8857068-393C-406F-AF25-2B204C5048F5}.Release|Any CPU.ActiveCfg = Release|Any CPU
		{D8857068-393C-406F-AF25-2B204C5048F5}.Release|Any CPU.Build.0 = Release|Any CPU
		{D6B587DB-DDD5-4686-AC14-EF24D6E81AA9}.Debug|Any CPU.ActiveCfg = Debug|Any CPU
		{D6B587DB-DDD5-4686-AC14-EF24D6E81AA9}.Debug|Any CPU.Build.0 = Debug|Any CPU
		{D6B587DB-DDD5-4686-AC14-EF24D6E81AA9}.Release|Any CPU.ActiveCfg = Release|Any CPU
		{D6B587DB-DDD5-4686-AC14-EF24D6E81AA9}.Release|Any CPU.Build.0 = Release|Any CPU
		{9A25E255-AD13-4AA1-B219-297F610A352C}.Debug|Any CPU.ActiveCfg = Debug|Any CPU
		{9A25E255-AD13-4AA1-B219-297F610A352C}.Debug|Any CPU.Build.0 = Debug|Any CPU
		{9A25E255-AD13-4AA1-B219-297F610A352C}.Release|Any CPU.ActiveCfg = Release|Any CPU
		{9A25E255-AD13-4AA1-B219-297F610A352C}.Release|Any CPU.Build.0 = Release|Any CPU
	EndGlobalSection
	GlobalSection(NestedProjects) = preSolution
		{42BF6C0B-7F32-45FC-98EA-CAC61253BD14} = {C609EAD3-F8E7-47D2-95E6-170A1E2CBC2B}
		{0EE8E866-5952-45B6-95CA-67CBC633F1E1} = {42BF6C0B-7F32-45FC-98EA-CAC61253BD14}
		{8507F97B-4D0B-4D0C-9C44-98E28F180BB6} = {C609EAD3-F8E7-47D2-95E6-170A1E2CBC2B}
		{4D771C87-A8EB-4860-990B-BE83E6C1E619} = {8507F97B-4D0B-4D0C-9C44-98E28F180BB6}
		{552A51A4-5680-4E3D-9E45-AEEF6773B067} = {4A95589E-B32A-426C-82C8-DD59545EFF70}
		{B6B5BEC9-0DB3-4CCD-963E-1A92538F826F} = {552A51A4-5680-4E3D-9E45-AEEF6773B067}
		{34239BA2-2E7D-41D6-BA2B-0BB33667FF85} = {4A95589E-B32A-426C-82C8-DD59545EFF70}
		{A4196320-E6FA-4123-9336-4EC9A191C65E} = {34239BA2-2E7D-41D6-BA2B-0BB33667FF85}
		{6299EE1A-E480-40B5-A21D-62E2ABE704EC} = {4A95589E-B32A-426C-82C8-DD59545EFF70}
		{0F177334-A922-45E5-BA1C-00211160C80E} = {6299EE1A-E480-40B5-A21D-62E2ABE704EC}
		{64208B52-8C8B-40A4-82D1-DA3BBCD91D09} = {4A95589E-B32A-426C-82C8-DD59545EFF70}
		{C0389DE8-1B80-490F-BB5D-ACFF48DD3567} = {64208B52-8C8B-40A4-82D1-DA3BBCD91D09}
		{52DCDA79-5C3C-449B-A92E-2DF75C3A9152} = {4A95589E-B32A-426C-82C8-DD59545EFF70}
		{925A71B2-8253-41AA-BFFF-8D6F21EDB4A7} = {52DCDA79-5C3C-449B-A92E-2DF75C3A9152}
		{678BBDA7-808E-4AC2-B1B9-E1411653FDC1} = {4A95589E-B32A-426C-82C8-DD59545EFF70}
		{7019BD2C-51FE-43FE-9ED7-2A6FD8209F7D} = {678BBDA7-808E-4AC2-B1B9-E1411653FDC1}
		{B6E4DF21-3F52-4B72-B648-F659CDEA9449} = {A3EF824A-1121-4F17-A6D8-C27CBF4C785B}
		{F3B99F65-54BF-4797-B777-466EAD98A216} = {B6E4DF21-3F52-4B72-B648-F659CDEA9449}
		{46719714-8C1B-4A00-A12F-D0585BA0C6CD} = {A3EF824A-1121-4F17-A6D8-C27CBF4C785B}
		{CFD085E6-EDB7-4145-8EE8-36A06A5DE122} = {46719714-8C1B-4A00-A12F-D0585BA0C6CD}
		{2C1A8F10-1809-48A6-9195-25221A48DDAC} = {A3EF824A-1121-4F17-A6D8-C27CBF4C785B}
		{9CF1C046-308F-471B-A5AC-E30E797BD549} = {2C1A8F10-1809-48A6-9195-25221A48DDAC}
		{E0EC107F-FB63-4027-A23E-21EDE4986D13} = {A3EF824A-1121-4F17-A6D8-C27CBF4C785B}
		{14B45D24-D915-4049-9DB7-BC87119C60C3} = {E0EC107F-FB63-4027-A23E-21EDE4986D13}
		{E30FBCC6-325A-4019-8618-5147DDDEE74A} = {A3EF824A-1121-4F17-A6D8-C27CBF4C785B}
		{94814E84-B2AA-41F6-84C8-3551418BF594} = {E30FBCC6-325A-4019-8618-5147DDDEE74A}
		{A56A49DB-A800-447E-AC70-86CD48FB7A33} = {A3EF824A-1121-4F17-A6D8-C27CBF4C785B}
		{BC53CDAC-D921-471B-BB60-FDF0E9BF3BB2} = {A56A49DB-A800-447E-AC70-86CD48FB7A33}
		{1E45A5AC-8A08-4B3F-84A9-01D5D563DAF4} = {A3EF824A-1121-4F17-A6D8-C27CBF4C785B}
		{05DE777B-CA16-4DF2-893D-5F7B291427A7} = {1E45A5AC-8A08-4B3F-84A9-01D5D563DAF4}
		{979BA4FC-8A6E-4005-B3C7-266C23898B19} = {54B70F19-4787-4121-8DB2-28AFE0D9E13E}
		{B1B71F44-EFB2-4344-A91B-6674F8D55CB4} = {979BA4FC-8A6E-4005-B3C7-266C23898B19}
		{0AB7A658-A351-4D6E-BBAE-709A4602570F} = {54B70F19-4787-4121-8DB2-28AFE0D9E13E}
		{EC0D48ED-CB74-4E4E-87AC-0F1F5C2808F5} = {0AB7A658-A351-4D6E-BBAE-709A4602570F}
		{B3C96B3C-EF65-40C9-B241-C0D4C9A37AE7} = {1D548982-79EF-405A-9A21-1B5567674558}
		{8B9D8CC4-7582-4C2F-998F-E25F1A549B17} = {B3C96B3C-EF65-40C9-B241-C0D4C9A37AE7}
		{36E04667-C645-449D-8A88-6563D1286160} = {1D548982-79EF-405A-9A21-1B5567674558}
		{706C4977-6066-4FCE-BA6F-0E2D96AF1774} = {36E04667-C645-449D-8A88-6563D1286160}
		{CE0D6F38-F170-44CD-95BA-D94F52905943} = {A914DD80-5B77-438D-A51B-CDFD4C2FE1CE}
		{FF5FD26B-FA38-4CB3-9BB2-E95BBC255C0C} = {CE0D6F38-F170-44CD-95BA-D94F52905943}
		{52C75828-F05C-46D3-BA9B-93EC27B714C2} = {A914DD80-5B77-438D-A51B-CDFD4C2FE1CE}
		{B160A3A7-C037-42E8-8375-73E674271284} = {52C75828-F05C-46D3-BA9B-93EC27B714C2}
		{5CEA0F90-82BC-4D19-B306-6CD5EB9625FB} = {5573ACE0-8017-460F-B30F-D7F76C683D98}
		{D8857068-393C-406F-AF25-2B204C5048F5} = {5CEA0F90-82BC-4D19-B306-6CD5EB9625FB}
		{8445B513-AC14-4744-92CB-B7540F5DED71} = {5573ACE0-8017-460F-B30F-D7F76C683D98}
		{D6B587DB-DDD5-4686-AC14-EF24D6E81AA9} = {8445B513-AC14-4744-92CB-B7540F5DED71}
		{9BFE3713-5F3F-4FC3-AB00-951FEF8E5726} = {5573ACE0-8017-460F-B30F-D7F76C683D98}
		{9A25E255-AD13-4AA1-B219-297F610A352C} = {9BFE3713-5F3F-4FC3-AB00-951FEF8E5726}
	EndGlobalSection
EndGlobal
