
Microsoft Visual Studio Solution File, Format Version 12.00
# Visual Studio Version 17
VisualStudioVersion = 17.3.32519.111
MinimumVisualStudioVersion = 10.0.40219.1
Project("{FAE04EC0-301F-11D3-BF4B-00C04F79EFBC}") = "BlazorWebAssemblyProject", "BlazorWebAssemblyProject\BlazorWebAssemblyProject.csproj", "{9EFA4A19-6A47-4838-A8D0-29C0E551374D}"
EndProject
Global
	GlobalSection(SolutionConfigurationPlatforms) = preSolution
		Debug|Any CPU = Debug|Any CPU
		Release|Any CPU = Release|Any CPU
	EndGlobalSection
	GlobalSection(ProjectConfigurationPlatforms) = postSolution
		{9EFA4A19-6A47-4838-A8D0-29C0E551374D}.Debug|Any CPU.ActiveCfg = Debug|Any CPU
		{9EFA4A19-6A47-4838-A8D0-29C0E551374D}.Debug|Any CPU.Build.0 = Debug|Any CPU
		{9EFA4A19-6A47-4838-A8D0-29C0E551374D}.Release|Any CPU.ActiveCfg = Release|Any CPU
		{9EFA4A19-6A47-4838-A8D0-29C0E551374D}.Release|Any CPU.Build.0 = Release|Any CPU
	EndGlobalSection
	GlobalSection(SolutionProperties) = preSolution
		HideSolutionNode = FALSE
	EndGlobalSection
	GlobalSection(ExtensibilityGlobals) = postSolution
		SolutionGuid = {D6BA7D07-4261-4CF6-8CC2-44AE245738C1}
	EndGlobalSection
EndGlobal
