
Microsoft Visual Studio Solution File, Format Version 12.00
# Visual Studio Version 17
VisualStudioVersion = 17.4.32804.182
MinimumVisualStudioVersion = 10.0.40219.1
Project("{FAE04EC0-301F-11D3-BF4B-00C04F79EFBC}") = "RecipeApplication", "RecipeApplication\RecipeApplication.csproj", "{B97CCAB6-833E-42E5-B58C-92429FAFA636}"
EndProject
Global
	GlobalSection(SolutionConfigurationPlatforms) = preSolution
		Debug|Any CPU = Debug|Any CPU
		Release|Any CPU = Release|Any CPU
	EndGlobalSection
	GlobalSection(ProjectConfigurationPlatforms) = postSolution
		{B97CCAB6-833E-42E5-B58C-92429FAFA636}.Debug|Any CPU.ActiveCfg = Debug|Any CPU
		{B97CCAB6-833E-42E5-B58C-92429FAFA636}.Debug|Any CPU.Build.0 = Debug|Any CPU
		{B97CCAB6-833E-42E5-B58C-92429FAFA636}.Release|Any CPU.ActiveCfg = Release|Any CPU
		{B97CCAB6-833E-42E5-B58C-92429FAFA636}.Release|Any CPU.Build.0 = Release|Any CPU
	EndGlobalSection
	GlobalSection(SolutionProperties) = preSolution
		HideSolutionNode = FALSE
	EndGlobalSection
	GlobalSection(ExtensibilityGlobals) = postSolution
		SolutionGuid = {54FDA823-31EC-41DB-9A64-1F56AB1F46C7}
	EndGlobalSection
EndGlobal
