
Microsoft Visual Studio Solution File, Format Version 12.00
# Visual Studio Version 17
VisualStudioVersion = 17.4.32804.182
MinimumVisualStudioVersion = 10.0.40219.1
Project("{FAE04EC0-301F-11D3-BF4B-00C04F79EFBC}") = "SimpleCurrencyConverterBindings", "SimpleCurrencyConverterBindings\SimpleCurrencyConverterBindings.csproj", "{D5C49273-6471-4EBF-8E0D-C84B1245C36E}"
EndProject
Global
	GlobalSection(SolutionConfigurationPlatforms) = preSolution
		Debug|Any CPU = Debug|Any CPU
		Release|Any CPU = Release|Any CPU
	EndGlobalSection
	GlobalSection(ProjectConfigurationPlatforms) = postSolution
		{D5C49273-6471-4EBF-8E0D-C84B1245C36E}.Debug|Any CPU.ActiveCfg = Debug|Any CPU
		{D5C49273-6471-4EBF-8E0D-C84B1245C36E}.Debug|Any CPU.Build.0 = Debug|Any CPU
		{D5C49273-6471-4EBF-8E0D-C84B1245C36E}.Release|Any CPU.ActiveCfg = Release|Any CPU
		{D5C49273-6471-4EBF-8E0D-C84B1245C36E}.Release|Any CPU.Build.0 = Release|Any CPU
	EndGlobalSection
	GlobalSection(SolutionProperties) = preSolution
		HideSolutionNode = FALSE
	EndGlobalSection
	GlobalSection(ExtensibilityGlobals) = postSolution
		SolutionGuid = {6AE2CDCA-7852-4AFF-82C5-E8B6B341890D}
	EndGlobalSection
EndGlobal
