
Microsoft Visual Studio Solution File, Format Version 12.00
# Visual Studio Version 17
VisualStudioVersion = 17.4.32804.182
MinimumVisualStudioVersion = 10.0.40219.1
Project("{FAE04EC0-301F-11D3-BF4B-00C04F79EFBC}") = "RazorPageFormLayout", "RazorPageFormLayout\RazorPageFormLayout.csproj", "{52CDCF35-07EC-4DF8-AA50-FCCE132F7D24}"
EndProject
Global
	GlobalSection(SolutionConfigurationPlatforms) = preSolution
		Debug|Any CPU = Debug|Any CPU
		Release|Any CPU = Release|Any CPU
	EndGlobalSection
	GlobalSection(ProjectConfigurationPlatforms) = postSolution
		{52CDCF35-07EC-4DF8-AA50-FCCE132F7D24}.Debug|Any CPU.ActiveCfg = Debug|Any CPU
		{52CDCF35-07EC-4DF8-AA50-FCCE132F7D24}.Debug|Any CPU.Build.0 = Debug|Any CPU
		{52CDCF35-07EC-4DF8-AA50-FCCE132F7D24}.Release|Any CPU.ActiveCfg = Release|Any CPU
		{52CDCF35-07EC-4DF8-AA50-FCCE132F7D24}.Release|Any CPU.Build.0 = Release|Any CPU
	EndGlobalSection
	GlobalSection(SolutionProperties) = preSolution
		HideSolutionNode = FALSE
	EndGlobalSection
	GlobalSection(ExtensibilityGlobals) = postSolution
		SolutionGuid = {B2922577-D589-4FE9-B1FF-0C64657006E1}
	EndGlobalSection
EndGlobal
