
Microsoft Visual Studio Solution File, Format Version 12.00
# Visual Studio Version 17
VisualStudioVersion = 17.4.32804.182
MinimumVisualStudioVersion = 10.0.40219.1
Project("{FAE04EC0-301F-11D3-BF4B-00C04F79EFBC}") = "ConvertingToMVC", "ConvertingToMVC\ConvertingToMVC.csproj", "{9D0920F0-4668-4F4D-9447-1EF15474C9D5}"
EndProject
Global
	GlobalSection(SolutionConfigurationPlatforms) = preSolution
		Debug|Any CPU = Debug|Any CPU
		Release|Any CPU = Release|Any CPU
	EndGlobalSection
	GlobalSection(ProjectConfigurationPlatforms) = postSolution
		{9D0920F0-4668-4F4D-9447-1EF15474C9D5}.Debug|Any CPU.ActiveCfg = Debug|Any CPU
		{9D0920F0-4668-4F4D-9447-1EF15474C9D5}.Debug|Any CPU.Build.0 = Debug|Any CPU
		{9D0920F0-4668-4F4D-9447-1EF15474C9D5}.Release|Any CPU.ActiveCfg = Release|Any CPU
		{9D0920F0-4668-4F4D-9447-1EF15474C9D5}.Release|Any CPU.Build.0 = Release|Any CPU
	EndGlobalSection
	GlobalSection(SolutionProperties) = preSolution
		HideSolutionNode = FALSE
	EndGlobalSection
	GlobalSection(ExtensibilityGlobals) = postSolution
		SolutionGuid = {46F9D709-6FCC-4827-A733-3AEBFE174C50}
	EndGlobalSection
EndGlobal
