
Microsoft Visual Studio Solution File, Format Version 12.00
# Visual Studio Version 17
VisualStudioVersion = 17.4.32804.182
MinimumVisualStudioVersion = 10.0.40219.1
Project("{FAE04EC0-301F-11D3-BF4B-00C04F79EFBC}") = "ApiControllerAttribute", "ApiControllerAttribute\ApiControllerAttribute.csproj", "{2187A08C-E649-41EE-B690-5DA6B386AE70}"
EndProject
Global
	GlobalSection(SolutionConfigurationPlatforms) = preSolution
		Debug|Any CPU = Debug|Any CPU
		Release|Any CPU = Release|Any CPU
	EndGlobalSection
	GlobalSection(ProjectConfigurationPlatforms) = postSolution
		{2187A08C-E649-41EE-B690-5DA6B386AE70}.Debug|Any CPU.ActiveCfg = Debug|Any CPU
		{2187A08C-E649-41EE-B690-5DA6B386AE70}.Debug|Any CPU.Build.0 = Debug|Any CPU
		{2187A08C-E649-41EE-B690-5DA6B386AE70}.Release|Any CPU.ActiveCfg = Release|Any CPU
		{2187A08C-E649-41EE-B690-5DA6B386AE70}.Release|Any CPU.Build.0 = Release|Any CPU
	EndGlobalSection
	GlobalSection(SolutionProperties) = preSolution
		HideSolutionNode = FALSE
	EndGlobalSection
	GlobalSection(ExtensibilityGlobals) = postSolution
		SolutionGuid = {AE872E29-9281-420E-9A38-69105503978C}
	EndGlobalSection
EndGlobal
