
Microsoft Visual Studio Solution File, Format Version 12.00
# Visual Studio Version 17
VisualStudioVersion = 17.3.32519.111
MinimumVisualStudioVersion = 10.0.40219.1
Project("{FAE04EC0-301F-11D3-BF4B-00C04F79EFBC}") = "CreatingAHoldingPage", "CreatingAHoldingPage\CreatingAHoldingPage.csproj", "{8F27F703-286E-4421-8390-62A983AD96B5}"
EndProject
Global
	GlobalSection(SolutionConfigurationPlatforms) = preSolution
		Debug|Any CPU = Debug|Any CPU
		Release|Any CPU = Release|Any CPU
	EndGlobalSection
	GlobalSection(ProjectConfigurationPlatforms) = postSolution
		{8F27F703-286E-4421-8390-62A983AD96B5}.Debug|Any CPU.ActiveCfg = Debug|Any CPU
		{8F27F703-286E-4421-8390-62A983AD96B5}.Debug|Any CPU.Build.0 = Debug|Any CPU
		{8F27F703-286E-4421-8390-62A983AD96B5}.Release|Any CPU.ActiveCfg = Release|Any CPU
		{8F27F703-286E-4421-8390-62A983AD96B5}.Release|Any CPU.Build.0 = Release|Any CPU
	EndGlobalSection
	GlobalSection(SolutionProperties) = preSolution
		HideSolutionNode = FALSE
	EndGlobalSection
	GlobalSection(ExtensibilityGlobals) = postSolution
		SolutionGuid = {25CDBA62-FD13-4878-A599-561A40350A61}
	EndGlobalSection
EndGlobal
