
Microsoft Visual Studio Solution File, Format Version 12.00
# Visual Studio Version 17
VisualStudioVersion = 17.4.32804.182
MinimumVisualStudioVersion = 10.0.40219.1
Project("{FAE04EC0-301F-11D3-BF4B-00C04F79EFBC}") = "ToDoList", "ToDoList\ToDoList.csproj", "{0FC4AA07-296A-4F0A-968A-211107814006}"
EndProject
Global
	GlobalSection(SolutionConfigurationPlatforms) = preSolution
		Debug|Any CPU = Debug|Any CPU
		Release|Any CPU = Release|Any CPU
	EndGlobalSection
	GlobalSection(ProjectConfigurationPlatforms) = postSolution
		{0FC4AA07-296A-4F0A-968A-211107814006}.Debug|Any CPU.ActiveCfg = Debug|Any CPU
		{0FC4AA07-296A-4F0A-968A-211107814006}.Debug|Any CPU.Build.0 = Debug|Any CPU
		{0FC4AA07-296A-4F0A-968A-211107814006}.Release|Any CPU.ActiveCfg = Release|Any CPU
		{0FC4AA07-296A-4F0A-968A-211107814006}.Release|Any CPU.Build.0 = Release|Any CPU
	EndGlobalSection
	GlobalSection(SolutionProperties) = preSolution
		HideSolutionNode = FALSE
	EndGlobalSection
	GlobalSection(ExtensibilityGlobals) = postSolution
		SolutionGuid = {0D6C57BA-0895-4491-9E1D-B547197FCBAC}
	EndGlobalSection
EndGlobal
