
Microsoft Visual Studio Solution File, Format Version 12.00
# Visual Studio Version 17
VisualStudioVersion = 17.0.31903.59
MinimumVisualStudioVersion = 10.0.40219.1
Project("{FAE04EC0-301F-11D3-BF4B-00C04F79EFBC}") = "MinimalApisAndWelcomePage", "MinimalApisAndWelcomePage\MinimalApisAndWelcomePage.csproj", "{A9DBFCC5-9764-4E38-838C-DA6A93E14A16}"
EndProject
Global
	GlobalSection(SolutionConfigurationPlatforms) = preSolution
		Debug|Any CPU = Debug|Any CPU
		Release|Any CPU = Release|Any CPU
	EndGlobalSection
	GlobalSection(SolutionProperties) = preSolution
		HideSolutionNode = FALSE
	EndGlobalSection
	GlobalSection(ProjectConfigurationPlatforms) = postSolution
		{A9DBFCC5-9764-4E38-838C-DA6A93E14A16}.Debug|Any CPU.ActiveCfg = Debug|Any CPU
		{A9DBFCC5-9764-4E38-838C-DA6A93E14A16}.Debug|Any CPU.Build.0 = Debug|Any CPU
		{A9DBFCC5-9764-4E38-838C-DA6A93E14A16}.Release|Any CPU.ActiveCfg = Release|Any CPU
		{A9DBFCC5-9764-4E38-838C-DA6A93E14A16}.Release|Any CPU.Build.0 = Release|Any CPU
	EndGlobalSection
EndGlobal
