
Microsoft Visual Studio Solution File, Format Version 12.00
# Visual Studio Version 17
VisualStudioVersion = 17.3.32519.111
MinimumVisualStudioVersion = 10.0.40219.1
Project("{FAE04EC0-301F-11D3-BF4B-00C04F79EFBC}") = "SimpleMinimalApisApplicationAndHoldingPage", "SimpleMinimalApisApplicationAndHoldingPage\SimpleMinimalApisApplicationAndHoldingPage.csproj", "{FE2630EF-39BF-4CF3-BB41-3DF8B543AAFA}"
EndProject
Global
	GlobalSection(SolutionConfigurationPlatforms) = preSolution
		Debug|Any CPU = Debug|Any CPU
		Release|Any CPU = Release|Any CPU
	EndGlobalSection
	GlobalSection(ProjectConfigurationPlatforms) = postSolution
		{FE2630EF-39BF-4CF3-BB41-3DF8B543AAFA}.Debug|Any CPU.ActiveCfg = Debug|Any CPU
		{FE2630EF-39BF-4CF3-BB41-3DF8B543AAFA}.Debug|Any CPU.Build.0 = Debug|Any CPU
		{FE2630EF-39BF-4CF3-BB41-3DF8B543AAFA}.Release|Any CPU.ActiveCfg = Release|Any CPU
		{FE2630EF-39BF-4CF3-BB41-3DF8B543AAFA}.Release|Any CPU.Build.0 = Release|Any CPU
	EndGlobalSection
	GlobalSection(SolutionProperties) = preSolution
		HideSolutionNode = FALSE
	EndGlobalSection
	GlobalSection(ExtensibilityGlobals) = postSolution
		SolutionGuid = {DDFFCB64-11D7-4DFF-9EB7-CE6E503E74C5}
	EndGlobalSection
EndGlobal
