
Microsoft Visual Studio Solution File, Format Version 12.00
# Visual Studio Version 17
VisualStudioVersion = 17.4.32804.182
MinimumVisualStudioVersion = 10.0.40219.1
Project("{FAE04EC0-301F-11D3-BF4B-00C04F79EFBC}") = "ChangingConventions", "ChangingConventions\ChangingConventions.csproj", "{F9B03AE2-8582-46E9-81C8-86D11F913953}"
EndProject
Global
	GlobalSection(SolutionConfigurationPlatforms) = preSolution
		Debug|Any CPU = Debug|Any CPU
		Release|Any CPU = Release|Any CPU
	EndGlobalSection
	GlobalSection(ProjectConfigurationPlatforms) = postSolution
		{F9B03AE2-8582-46E9-81C8-86D11F913953}.Debug|Any CPU.ActiveCfg = Debug|Any CPU
		{F9B03AE2-8582-46E9-81C8-86D11F913953}.Debug|Any CPU.Build.0 = Debug|Any CPU
		{F9B03AE2-8582-46E9-81C8-86D11F913953}.Release|Any CPU.ActiveCfg = Release|Any CPU
		{F9B03AE2-8582-46E9-81C8-86D11F913953}.Release|Any CPU.Build.0 = Release|Any CPU
	EndGlobalSection
	GlobalSection(SolutionProperties) = preSolution
		HideSolutionNode = FALSE
	EndGlobalSection
	GlobalSection(ExtensibilityGlobals) = postSolution
		SolutionGuid = {4BCC7E44-29D8-45E1-9B17-ED55A8261D71}
	EndGlobalSection
EndGlobal
