
Microsoft Visual Studio Solution File, Format Version 12.00
# Visual Studio Version 17
VisualStudioVersion = 17.4.33103.184
MinimumVisualStudioVersion = 10.0.40219.1
Project("{FAE04EC0-301F-11D3-BF4B-00C04F79EFBC}") = "SocketExhaustion", "SocketExhaustion\SocketExhaustion.csproj", "{4628B6A5-FE05-4278-9B86-EC4B66F2C69A}"
EndProject
Global
	GlobalSection(SolutionConfigurationPlatforms) = preSolution
		Debug|Any CPU = Debug|Any CPU
		Release|Any CPU = Release|Any CPU
	EndGlobalSection
	GlobalSection(ProjectConfigurationPlatforms) = postSolution
		{4628B6A5-FE05-4278-9B86-EC4B66F2C69A}.Debug|Any CPU.ActiveCfg = Debug|Any CPU
		{4628B6A5-FE05-4278-9B86-EC4B66F2C69A}.Debug|Any CPU.Build.0 = Debug|Any CPU
		{4628B6A5-FE05-4278-9B86-EC4B66F2C69A}.Release|Any CPU.ActiveCfg = Release|Any CPU
		{4628B6A5-FE05-4278-9B86-EC4B66F2C69A}.Release|Any CPU.Build.0 = Release|Any CPU
	EndGlobalSection
	GlobalSection(SolutionProperties) = preSolution
		HideSolutionNode = FALSE
	EndGlobalSection
	GlobalSection(ExtensibilityGlobals) = postSolution
		SolutionGuid = {748BA916-C33B-4EAF-A486-33F7D50BC51E}
	EndGlobalSection
EndGlobal
