
Microsoft Visual Studio Solution File, Format Version 12.00
# Visual Studio Version 17
VisualStudioVersion = 17.4.32804.182
MinimumVisualStudioVersion = 10.0.40219.1
Project("{FAE04EC0-301F-11D3-BF4B-00C04F79EFBC}") = "SelectLists", "SelectLists\SelectLists.csproj", "{7B9D717B-F8F5-4868-8080-8D8D0E17C973}"
EndProject
Global
	GlobalSection(SolutionConfigurationPlatforms) = preSolution
		Debug|Any CPU = Debug|Any CPU
		Release|Any CPU = Release|Any CPU
	EndGlobalSection
	GlobalSection(ProjectConfigurationPlatforms) = postSolution
		{7B9D717B-F8F5-4868-8080-8D8D0E17C973}.Debug|Any CPU.ActiveCfg = Debug|Any CPU
		{7B9D717B-F8F5-4868-8080-8D8D0E17C973}.Debug|Any CPU.Build.0 = Debug|Any CPU
		{7B9D717B-F8F5-4868-8080-8D8D0E17C973}.Release|Any CPU.ActiveCfg = Release|Any CPU
		{7B9D717B-F8F5-4868-8080-8D8D0E17C973}.Release|Any CPU.Build.0 = Release|Any CPU
	EndGlobalSection
	GlobalSection(SolutionProperties) = preSolution
		HideSolutionNode = FALSE
	EndGlobalSection
	GlobalSection(ExtensibilityGlobals) = postSolution
		SolutionGuid = {1BD1D3B0-AA85-496B-B141-4CCF4E637747}
	EndGlobalSection
EndGlobal
