
Microsoft Visual Studio Solution File, Format Version 12.00
# Visual Studio Version 17
VisualStudioVersion = 17.4.32804.182
MinimumVisualStudioVersion = 10.0.40219.1
Project("{FAE04EC0-301F-11D3-BF4B-00C04F79EFBC}") = "BasicWebApiProject", "BasicWebApiProject\BasicWebApiProject.csproj", "{7D35C873-DC41-420A-8FFE-62F8628C046C}"
EndProject
Global
	GlobalSection(SolutionConfigurationPlatforms) = preSolution
		Debug|Any CPU = Debug|Any CPU
		Release|Any CPU = Release|Any CPU
	EndGlobalSection
	GlobalSection(ProjectConfigurationPlatforms) = postSolution
		{7D35C873-DC41-420A-8FFE-62F8628C046C}.Debug|Any CPU.ActiveCfg = Debug|Any CPU
		{7D35C873-DC41-420A-8FFE-62F8628C046C}.Debug|Any CPU.Build.0 = Debug|Any CPU
		{7D35C873-DC41-420A-8FFE-62F8628C046C}.Release|Any CPU.ActiveCfg = Release|Any CPU
		{7D35C873-DC41-420A-8FFE-62F8628C046C}.Release|Any CPU.Build.0 = Release|Any CPU
	EndGlobalSection
	GlobalSection(SolutionProperties) = preSolution
		HideSolutionNode = FALSE
	EndGlobalSection
	GlobalSection(ExtensibilityGlobals) = postSolution
		SolutionGuid = {4ED744C8-D56D-4ADC-9369-3F89B2170771}
	EndGlobalSection
EndGlobal
