
Microsoft Visual Studio Solution File, Format Version 12.00
# Visual Studio Version 17
VisualStudioVersion = 17.4.33103.184
MinimumVisualStudioVersion = 10.0.40219.1
Project("{FAE04EC0-301F-11D3-BF4B-00C04F79EFBC}") = "BackgroundServiceCache", "BackgroundServiceCache\BackgroundServiceCache.csproj", "{212733D7-37B8-41AB-9A54-61FD26AC803D}"
EndProject
Global
	GlobalSection(SolutionConfigurationPlatforms) = preSolution
		Debug|Any CPU = Debug|Any CPU
		Release|Any CPU = Release|Any CPU
	EndGlobalSection
	GlobalSection(ProjectConfigurationPlatforms) = postSolution
		{212733D7-37B8-41AB-9A54-61FD26AC803D}.Debug|Any CPU.ActiveCfg = Debug|Any CPU
		{212733D7-37B8-41AB-9A54-61FD26AC803D}.Debug|Any CPU.Build.0 = Debug|Any CPU
		{212733D7-37B8-41AB-9A54-61FD26AC803D}.Release|Any CPU.ActiveCfg = Release|Any CPU
		{212733D7-37B8-41AB-9A54-61FD26AC803D}.Release|Any CPU.Build.0 = Release|Any CPU
	EndGlobalSection
	GlobalSection(SolutionProperties) = preSolution
		HideSolutionNode = FALSE
	EndGlobalSection
	GlobalSection(ExtensibilityGlobals) = postSolution
		SolutionGuid = {83096275-6F8E-42F2-9CC9-AC5116083207}
	EndGlobalSection
EndGlobal
