
Microsoft Visual Studio Solution File, Format Version 12.00
# Visual Studio Version 17
VisualStudioVersion = 17.4.32804.182
MinimumVisualStudioVersion = 10.0.40219.1
Project("{FAE04EC0-301F-11D3-BF4B-00C04F79EFBC}") = "InjectingMultipleImplementations", "InjectingMultipleImplementations\InjectingMultipleImplementations.csproj", "{AF9F0AA0-DF8A-4034-96FE-B1BE7A6E9218}"
EndProject
Global
	GlobalSection(SolutionConfigurationPlatforms) = preSolution
		Debug|Any CPU = Debug|Any CPU
		Release|Any CPU = Release|Any CPU
	EndGlobalSection
	GlobalSection(ProjectConfigurationPlatforms) = postSolution
		{AF9F0AA0-DF8A-4034-96FE-B1BE7A6E9218}.Debug|Any CPU.ActiveCfg = Debug|Any CPU
		{AF9F0AA0-DF8A-4034-96FE-B1BE7A6E9218}.Debug|Any CPU.Build.0 = Debug|Any CPU
		{AF9F0AA0-DF8A-4034-96FE-B1BE7A6E9218}.Release|Any CPU.ActiveCfg = Release|Any CPU
		{AF9F0AA0-DF8A-4034-96FE-B1BE7A6E9218}.Release|Any CPU.Build.0 = Release|Any CPU
	EndGlobalSection
	GlobalSection(SolutionProperties) = preSolution
		HideSolutionNode = FALSE
	EndGlobalSection
	GlobalSection(ExtensibilityGlobals) = postSolution
		SolutionGuid = {E3264D2E-77BF-4FB2-A7FE-D9F580C0DC92}
	EndGlobalSection
EndGlobal
