
Microsoft Visual Studio Solution File, Format Version 12.00
# Visual Studio Version 17
VisualStudioVersion = 17.4.32804.182
MinimumVisualStudioVersion = 10.0.40219.1
Project("{FAE04EC0-301F-11D3-BF4B-00C04F79EFBC}") = "DesigningForAutomaticBinding", "DesigningForAutomaticBinding\DesigningForAutomaticBinding.csproj", "{B64BD3FB-9E47-4FA1-B6EF-1C1272EC2BC6}"
EndProject
Global
	GlobalSection(SolutionConfigurationPlatforms) = preSolution
		Debug|Any CPU = Debug|Any CPU
		Release|Any CPU = Release|Any CPU
	EndGlobalSection
	GlobalSection(ProjectConfigurationPlatforms) = postSolution
		{B64BD3FB-9E47-4FA1-B6EF-1C1272EC2BC6}.Debug|Any CPU.ActiveCfg = Debug|Any CPU
		{B64BD3FB-9E47-4FA1-B6EF-1C1272EC2BC6}.Debug|Any CPU.Build.0 = Debug|Any CPU
		{B64BD3FB-9E47-4FA1-B6EF-1C1272EC2BC6}.Release|Any CPU.ActiveCfg = Release|Any CPU
		{B64BD3FB-9E47-4FA1-B6EF-1C1272EC2BC6}.Release|Any CPU.Build.0 = Release|Any CPU
	EndGlobalSection
	GlobalSection(SolutionProperties) = preSolution
		HideSolutionNode = FALSE
	EndGlobalSection
	GlobalSection(ExtensibilityGlobals) = postSolution
		SolutionGuid = {188B7509-53DA-4E4E-91D8-942124C6B0CA}
	EndGlobalSection
EndGlobal
