
Microsoft Visual Studio Solution File, Format Version 12.00
# Visual Studio Version 17
VisualStudioVersion = 17.4.32804.182
MinimumVisualStudioVersion = 10.0.40219.1
Project("{FAE04EC0-301F-11D3-BF4B-00C04F79EFBC}") = "RecipeApplication", "RecipeApplication\RecipeApplication.csproj", "{416CA24C-02F5-431A-BA72-495DA2A15737}"
EndProject
Global
	GlobalSection(SolutionConfigurationPlatforms) = preSolution
		Debug|Any CPU = Debug|Any CPU
		Release|Any CPU = Release|Any CPU
	EndGlobalSection
	GlobalSection(ProjectConfigurationPlatforms) = postSolution
		{416CA24C-02F5-431A-BA72-495DA2A15737}.Debug|Any CPU.ActiveCfg = Debug|Any CPU
		{416CA24C-02F5-431A-BA72-495DA2A15737}.Debug|Any CPU.Build.0 = Debug|Any CPU
		{416CA24C-02F5-431A-BA72-495DA2A15737}.Release|Any CPU.ActiveCfg = Release|Any CPU
		{416CA24C-02F5-431A-BA72-495DA2A15737}.Release|Any CPU.Build.0 = Release|Any CPU
	EndGlobalSection
	GlobalSection(SolutionProperties) = preSolution
		HideSolutionNode = FALSE
	EndGlobalSection
	GlobalSection(ExtensibilityGlobals) = postSolution
		SolutionGuid = {0A6ADD3C-5BEF-4217-9070-2016EB3E73DD}
	EndGlobalSection
EndGlobal
