
Microsoft Visual Studio Solution File, Format Version 12.00
# Visual Studio Version 17
VisualStudioVersion = 17.4.32804.182
MinimumVisualStudioVersion = 10.0.40219.1
Project("{FAE04EC0-301F-11D3-BF4B-00C04F79EFBC}") = "RecipeApplication", "RecipeApplication\RecipeApplication.csproj", "{15A5C8CD-8934-4AA1-98F0-BD0D4FDD16B2}"
EndProject
Global
	GlobalSection(SolutionConfigurationPlatforms) = preSolution
		Debug|Any CPU = Debug|Any CPU
		Release|Any CPU = Release|Any CPU
	EndGlobalSection
	GlobalSection(ProjectConfigurationPlatforms) = postSolution
		{15A5C8CD-8934-4AA1-98F0-BD0D4FDD16B2}.Debug|Any CPU.ActiveCfg = Debug|Any CPU
		{15A5C8CD-8934-4AA1-98F0-BD0D4FDD16B2}.Debug|Any CPU.Build.0 = Debug|Any CPU
		{15A5C8CD-8934-4AA1-98F0-BD0D4FDD16B2}.Release|Any CPU.ActiveCfg = Release|Any CPU
		{15A5C8CD-8934-4AA1-98F0-BD0D4FDD16B2}.Release|Any CPU.Build.0 = Release|Any CPU
	EndGlobalSection
	GlobalSection(SolutionProperties) = preSolution
		HideSolutionNode = FALSE
	EndGlobalSection
	GlobalSection(ExtensibilityGlobals) = postSolution
		SolutionGuid = {20697A70-5E61-43FE-9890-59C30657BB62}
	EndGlobalSection
EndGlobal
