
Microsoft Visual Studio Solution File, Format Version 12.00
# Visual Studio Version 17
VisualStudioVersion = 17.4.33103.184
MinimumVisualStudioVersion = 10.0.40219.1
Project("{FAE04EC0-301F-11D3-BF4B-00C04F79EFBC}") = "BankingApplication", "BankingApplication\BankingApplication.csproj", "{449692AC-1DA4-4227-A18D-22B8E9FD5E12}"
EndProject
Project("{FAE04EC0-301F-11D3-BF4B-00C04F79EFBC}") = "MaliciousAttackerWebsite", "MaliciousAttackerWebsite\MaliciousAttackerWebsite.csproj", "{A0EB8803-A64A-47FC-812D-A30DC227C6F2}"
EndProject
Global
	GlobalSection(SolutionConfigurationPlatforms) = preSolution
		Debug|Any CPU = Debug|Any CPU
		Release|Any CPU = Release|Any CPU
	EndGlobalSection
	GlobalSection(ProjectConfigurationPlatforms) = postSolution
		{449692AC-1DA4-4227-A18D-22B8E9FD5E12}.Debug|Any CPU.ActiveCfg = Debug|Any CPU
		{449692AC-1DA4-4227-A18D-22B8E9FD5E12}.Debug|Any CPU.Build.0 = Debug|Any CPU
		{449692AC-1DA4-4227-A18D-22B8E9FD5E12}.Release|Any CPU.ActiveCfg = Release|Any CPU
		{449692AC-1DA4-4227-A18D-22B8E9FD5E12}.Release|Any CPU.Build.0 = Release|Any CPU
		{A0EB8803-A64A-47FC-812D-A30DC227C6F2}.Debug|Any CPU.ActiveCfg = Debug|Any CPU
		{A0EB8803-A64A-47FC-812D-A30DC227C6F2}.Debug|Any CPU.Build.0 = Debug|Any CPU
		{A0EB8803-A64A-47FC-812D-A30DC227C6F2}.Release|Any CPU.ActiveCfg = Release|Any CPU
		{A0EB8803-A64A-47FC-812D-A30DC227C6F2}.Release|Any CPU.Build.0 = Release|Any CPU
	EndGlobalSection
	GlobalSection(SolutionProperties) = preSolution
		HideSolutionNode = FALSE
	EndGlobalSection
	GlobalSection(ExtensibilityGlobals) = postSolution
		SolutionGuid = {24AF57E1-5461-4473-BB0E-1ED75AD93378}
	EndGlobalSection
EndGlobal
