
Microsoft Visual Studio Solution File, Format Version 12.00
# Visual Studio Version 17
VisualStudioVersion = 17.4.32804.182
MinimumVisualStudioVersion = 10.0.40219.1
Project("{FAE04EC0-301F-11D3-BF4B-00C04F79EFBC}") = "CurrencyConverter", "CurrencyConverter\CurrencyConverter.csproj", "{CEC24295-7883-4539-B57D-5E02787540CC}"
EndProject
Global
	GlobalSection(SolutionConfigurationPlatforms) = preSolution
		Debug|Any CPU = Debug|Any CPU
		Release|Any CPU = Release|Any CPU
	EndGlobalSection
	GlobalSection(ProjectConfigurationPlatforms) = postSolution
		{CEC24295-7883-4539-B57D-5E02787540CC}.Debug|Any CPU.ActiveCfg = Debug|Any CPU
		{CEC24295-7883-4539-B57D-5E02787540CC}.Debug|Any CPU.Build.0 = Debug|Any CPU
		{CEC24295-7883-4539-B57D-5E02787540CC}.Release|Any CPU.ActiveCfg = Release|Any CPU
		{CEC24295-7883-4539-B57D-5E02787540CC}.Release|Any CPU.Build.0 = Release|Any CPU
	EndGlobalSection
	GlobalSection(SolutionProperties) = preSolution
		HideSolutionNode = FALSE
	EndGlobalSection
	GlobalSection(ExtensibilityGlobals) = postSolution
		SolutionGuid = {8707114B-82F4-4932-86F0-2C58E2F39B2B}
	EndGlobalSection
EndGlobal
