
Microsoft Visual Studio Solution File, Format Version 12.00
# Visual Studio Version 17
VisualStudioVersion = 17.4.32804.182
MinimumVisualStudioVersion = 10.0.40219.1
Project("{FAE04EC0-301F-11D3-BF4B-00C04F79EFBC}") = "EnvironmentTag", "EnvironmentTag\EnvironmentTag.csproj", "{0211E887-3A0A-4B83-9620-93208E8C3A5B}"
EndProject
Global
	GlobalSection(SolutionConfigurationPlatforms) = preSolution
		Debug|Any CPU = Debug|Any CPU
		Release|Any CPU = Release|Any CPU
	EndGlobalSection
	GlobalSection(ProjectConfigurationPlatforms) = postSolution
		{0211E887-3A0A-4B83-9620-93208E8C3A5B}.Debug|Any CPU.ActiveCfg = Debug|Any CPU
		{0211E887-3A0A-4B83-9620-93208E8C3A5B}.Debug|Any CPU.Build.0 = Debug|Any CPU
		{0211E887-3A0A-4B83-9620-93208E8C3A5B}.Release|Any CPU.ActiveCfg = Release|Any CPU
		{0211E887-3A0A-4B83-9620-93208E8C3A5B}.Release|Any CPU.Build.0 = Release|Any CPU
	EndGlobalSection
	GlobalSection(SolutionProperties) = preSolution
		HideSolutionNode = FALSE
	EndGlobalSection
	GlobalSection(ExtensibilityGlobals) = postSolution
		SolutionGuid = {FD8B8B25-912C-41A5-A375-08DA3515A04C}
	EndGlobalSection
EndGlobal
