
Microsoft Visual Studio Solution File, Format Version 12.00
# Visual Studio Version 17
VisualStudioVersion = 17.4.32804.182
MinimumVisualStudioVersion = 10.0.40219.1
Project("{FAE04EC0-301F-11D3-BF4B-00C04F79EFBC}") = "ProblemDetailsExample", "ProblemDetailsExample\ProblemDetailsExample.csproj", "{0D543E5B-0B04-4DBB-9709-7D1C5EC9631D}"
EndProject
Global
	GlobalSection(SolutionConfigurationPlatforms) = preSolution
		Debug|Any CPU = Debug|Any CPU
		Release|Any CPU = Release|Any CPU
	EndGlobalSection
	GlobalSection(ProjectConfigurationPlatforms) = postSolution
		{0D543E5B-0B04-4DBB-9709-7D1C5EC9631D}.Debug|Any CPU.ActiveCfg = Debug|Any CPU
		{0D543E5B-0B04-4DBB-9709-7D1C5EC9631D}.Debug|Any CPU.Build.0 = Debug|Any CPU
		{0D543E5B-0B04-4DBB-9709-7D1C5EC9631D}.Release|Any CPU.ActiveCfg = Release|Any CPU
		{0D543E5B-0B04-4DBB-9709-7D1C5EC9631D}.Release|Any CPU.Build.0 = Release|Any CPU
	EndGlobalSection
	GlobalSection(SolutionProperties) = preSolution
		HideSolutionNode = FALSE
	EndGlobalSection
	GlobalSection(ExtensibilityGlobals) = postSolution
		SolutionGuid = {F225F2FA-DDF5-47CD-8209-01BE212BEBC3}
	EndGlobalSection
EndGlobal
