
Microsoft Visual Studio Solution File, Format Version 12.00
# Visual Studio Version 17
VisualStudioVersion = 17.3.32519.111
MinimumVisualStudioVersion = 10.0.40219.1
Project("{FAE04EC0-301F-11D3-BF4B-00C04F79EFBC}") = "CreatingAStaticFileWebsite", "CreatingAStaticFileWebsite\CreatingAStaticFileWebsite.csproj", "{A7903A03-DA3F-4B4D-9FF7-70AD8BB9AF23}"
EndProject
Global
	GlobalSection(SolutionConfigurationPlatforms) = preSolution
		Debug|Any CPU = Debug|Any CPU
		Release|Any CPU = Release|Any CPU
	EndGlobalSection
	GlobalSection(ProjectConfigurationPlatforms) = postSolution
		{A7903A03-DA3F-4B4D-9FF7-70AD8BB9AF23}.Debug|Any CPU.ActiveCfg = Debug|Any CPU
		{A7903A03-DA3F-4B4D-9FF7-70AD8BB9AF23}.Debug|Any CPU.Build.0 = Debug|Any CPU
		{A7903A03-DA3F-4B4D-9FF7-70AD8BB9AF23}.Release|Any CPU.ActiveCfg = Release|Any CPU
		{A7903A03-DA3F-4B4D-9FF7-70AD8BB9AF23}.Release|Any CPU.Build.0 = Release|Any CPU
	EndGlobalSection
	GlobalSection(SolutionProperties) = preSolution
		HideSolutionNode = FALSE
	EndGlobalSection
	GlobalSection(ExtensibilityGlobals) = postSolution
		SolutionGuid = {A1AFC824-98A3-4F88-A6F4-84A67CCDDB46}
	EndGlobalSection
EndGlobal
