
Microsoft Visual Studio Solution File, Format Version 12.00
# Visual Studio Version 17
VisualStudioVersion = 17.4.32804.182
MinimumVisualStudioVersion = 10.0.40219.1
Project("{FAE04EC0-301F-11D3-BF4B-00C04F79EFBC}") = "FilterPipelineExample", "FilterPipelineExample\FilterPipelineExample.csproj", "{8EC9C8EF-5EAB-425E-93BF-B61BA0284927}"
EndProject
Global
	GlobalSection(SolutionConfigurationPlatforms) = preSolution
		Debug|Any CPU = Debug|Any CPU
		Release|Any CPU = Release|Any CPU
	EndGlobalSection
	GlobalSection(ProjectConfigurationPlatforms) = postSolution
		{8EC9C8EF-5EAB-425E-93BF-B61BA0284927}.Debug|Any CPU.ActiveCfg = Debug|Any CPU
		{8EC9C8EF-5EAB-425E-93BF-B61BA0284927}.Debug|Any CPU.Build.0 = Debug|Any CPU
		{8EC9C8EF-5EAB-425E-93BF-B61BA0284927}.Release|Any CPU.ActiveCfg = Release|Any CPU
		{8EC9C8EF-5EAB-425E-93BF-B61BA0284927}.Release|Any CPU.Build.0 = Release|Any CPU
	EndGlobalSection
	GlobalSection(SolutionProperties) = preSolution
		HideSolutionNode = FALSE
	EndGlobalSection
	GlobalSection(ExtensibilityGlobals) = postSolution
		SolutionGuid = {CCD27561-3BA5-49DF-9EE7-6CB199B2B2CD}
	EndGlobalSection
EndGlobal
