
Microsoft Visual Studio Solution File, Format Version 12.00
# Visual Studio Version 17
VisualStudioVersion = 17.4.32804.182
MinimumVisualStudioVersion = 10.0.40219.1
Project("{FAE04EC0-301F-11D3-BF4B-00C04F79EFBC}") = "CarsWebApi", "CarsWebApi\CarsWebApi.csproj", "{F8D1EA71-C20D-4970-8383-ED7C4AAD5C71}"
EndProject
Global
	GlobalSection(SolutionConfigurationPlatforms) = preSolution
		Debug|Any CPU = Debug|Any CPU
		Release|Any CPU = Release|Any CPU
	EndGlobalSection
	GlobalSection(ProjectConfigurationPlatforms) = postSolution
		{F8D1EA71-C20D-4970-8383-ED7C4AAD5C71}.Debug|Any CPU.ActiveCfg = Debug|Any CPU
		{F8D1EA71-C20D-4970-8383-ED7C4AAD5C71}.Debug|Any CPU.Build.0 = Debug|Any CPU
		{F8D1EA71-C20D-4970-8383-ED7C4AAD5C71}.Release|Any CPU.ActiveCfg = Release|Any CPU
		{F8D1EA71-C20D-4970-8383-ED7C4AAD5C71}.Release|Any CPU.Build.0 = Release|Any CPU
	EndGlobalSection
	GlobalSection(SolutionProperties) = preSolution
		HideSolutionNode = FALSE
	EndGlobalSection
	GlobalSection(ExtensibilityGlobals) = postSolution
		SolutionGuid = {3FE3C034-1843-428A-B2C7-34A56EDF9996}
	EndGlobalSection
EndGlobal
