
Microsoft Visual Studio Solution File, Format Version 12.00
# Visual Studio Version 17
VisualStudioVersion = 17.3.32519.111
MinimumVisualStudioVersion = 10.0.40219.1
Project("{FAE04EC0-301F-11D3-BF4B-00C04F79EFBC}") = "StatusCodePagesWithReExecuteRazorPages", "StatusCodePagesWithReExecuteRazorPages\StatusCodePagesWithReExecuteRazorPages.csproj", "{E871C8B2-4393-4AC3-A1EB-39485F6D1BE7}"
EndProject
Global
	GlobalSection(SolutionConfigurationPlatforms) = preSolution
		Debug|Any CPU = Debug|Any CPU
		Release|Any CPU = Release|Any CPU
	EndGlobalSection
	GlobalSection(ProjectConfigurationPlatforms) = postSolution
		{E871C8B2-4393-4AC3-A1EB-39485F6D1BE7}.Debug|Any CPU.ActiveCfg = Debug|Any CPU
		{E871C8B2-4393-4AC3-A1EB-39485F6D1BE7}.Debug|Any CPU.Build.0 = Debug|Any CPU
		{E871C8B2-4393-4AC3-A1EB-39485F6D1BE7}.Release|Any CPU.ActiveCfg = Release|Any CPU
		{E871C8B2-4393-4AC3-A1EB-39485F6D1BE7}.Release|Any CPU.Build.0 = Release|Any CPU
	EndGlobalSection
	GlobalSection(SolutionProperties) = preSolution
		HideSolutionNode = FALSE
	EndGlobalSection
	GlobalSection(ExtensibilityGlobals) = postSolution
		SolutionGuid = {E771C6CD-3ACB-4DA9-BAC5-F7656B4BCFF9}
	EndGlobalSection
EndGlobal
