
Microsoft Visual Studio Solution File, Format Version 12.00
# Visual Studio Version 17
VisualStudioVersion = 17.4.33006.217
MinimumVisualStudioVersion = 10.0.40219.1
Project("{FAE04EC0-301F-11D3-BF4B-00C04F79EFBC}") = "Airport", "Airport\Airport.csproj", "{F33E6157-8456-4E16-93E9-FB95C1F6CB79}"
EndProject
Global
	GlobalSection(SolutionConfigurationPlatforms) = preSolution
		Debug|Any CPU = Debug|Any CPU
		Release|Any CPU = Release|Any CPU
	EndGlobalSection
	GlobalSection(ProjectConfigurationPlatforms) = postSolution
		{F33E6157-8456-4E16-93E9-FB95C1F6CB79}.Debug|Any CPU.ActiveCfg = Debug|Any CPU
		{F33E6157-8456-4E16-93E9-FB95C1F6CB79}.Debug|Any CPU.Build.0 = Debug|Any CPU
		{F33E6157-8456-4E16-93E9-FB95C1F6CB79}.Release|Any CPU.ActiveCfg = Release|Any CPU
		{F33E6157-8456-4E16-93E9-FB95C1F6CB79}.Release|Any CPU.Build.0 = Release|Any CPU
	EndGlobalSection
	GlobalSection(SolutionProperties) = preSolution
		HideSolutionNode = FALSE
	EndGlobalSection
	GlobalSection(ExtensibilityGlobals) = postSolution
		SolutionGuid = {980FBC65-93CB-4943-B70E-47BABF47F39B}
	EndGlobalSection
EndGlobal
